// !$*UTF8*$!
{
	archiveVersion = 1;
	classes = {
	};
	objectVersion = 56;
	objects = {

/* Begin PBXBuildFile section */
		595D3C102C06023300028E95 /* AppDelegate.swift in Sources */ = {isa = PBXBuildFile; fileRef = 595D3C0F2C06023300028E95 /* AppDelegate.swift */; };
		595D3C122C06023300028E95 /* SceneDelegate.swift in Sources */ = {isa = PBXBuildFile; fileRef = 595D3C112C06023300028E95 /* SceneDelegate.swift */; };
		595D3C142C06023300028E95 /* ViewController.swift in Sources */ = {isa = PBXBuildFile; fileRef = 595D3C132C06023300028E95 /* ViewController.swift */; };
		595D3C172C06023300028E95 /* Main.storyboard in Resources */ = {isa = PBXBuildFile; fileRef = 595D3C152C06023300028E95 /* Main.storyboard */; };
		595D3C192C06023400028E95 /* Assets.xcassets in Resources */ = {isa = PBXBuildFile; fileRef = 595D3C182C06023400028E95 /* Assets.xcassets */; };
		595D3C1C2C06023400028E95 /* LaunchScreen.storyboard in Resources */ = {isa = PBXBuildFile; fileRef = 595D3C1A2C06023400028E95 /* LaunchScreen.storyboard */; };
		595D3C272C06023400028E95 /* iOSAssesmentTests.swift in Sources */ = {isa = PBXBuildFile; fileRef = 595D3C262C06023400028E95 /* iOSAssesmentTests.swift */; };
		595D3C312C06023400028E95 /* iOSAssesmentUITests.swift in Sources */ = {isa = PBXBuildFile; fileRef = 595D3C302C06023400028E95 /* iOSAssesmentUITests.swift */; };
		595D3C332C06023400028E95 /* iOSAssesmentUITestsLaunchTests.swift in Sources */ = {isa = PBXBuildFile; fileRef = 595D3C322C06023400028E95 /* iOSAssesmentUITestsLaunchTests.swift */; };
		595D3C402C06025000028E95 /* Post.swift in Sources */ = {isa = PBXBuildFile; fileRef = 595D3C3F2C06025000028E95 /* Post.swift */; };
		595D3C422C06027900028E95 /* NetworkManager.swift in Sources */ = {isa = PBXBuildFile; fileRef = 595D3C412C06027900028E95 /* NetworkManager.swift */; };
		595D3C442C0602AC00028E95 /* PostTableViewCell.swift in Sources */ = {isa = PBXBuildFile; fileRef = 595D3C432C0602AC00028E95 /* PostTableViewCell.swift */; };
		595D3C462C0602DC00028E95 /* DetailViewController.swift in Sources */ = {isa = PBXBuildFile; fileRef = 595D3C452C0602DC00028E95 /* DetailViewController.swift */; };
/* End PBXBuildFile section */

/* Begin PBXContainerItemProxy section */
		595D3C232C06023400028E95 /* PBXContainerItemProxy */ = {
			isa = PBXContainerItemProxy;
			containerPortal = 595D3C042C06023300028E95 /* Project object */;
			proxyType = 1;
			remoteGlobalIDString = 595D3C0B2C06023300028E95;
			remoteInfo = iOSAssesment;
		};
		595D3C2D2C06023400028E95 /* PBXContainerItemProxy */ = {
			isa = PBXContainerItemProxy;
			containerPortal = 595D3C042C06023300028E95 /* Project object */;
			proxyType = 1;
			remoteGlobalIDString = 595D3C0B2C06023300028E95;
			remoteInfo = iOSAssesment;
		};
/* End PBXContainerItemProxy section */

/* Begin PBXFileReference section */
		595D3C0C2C06023300028E95 /* iOSAssesment.app */ = {isa = PBXFileReference; explicitFileType = wrapper.application; includeInIndex = 0; path = iOSAssesment.app; sourceTree = BUILT_PRODUCTS_DIR; };
		595D3C0F2C06023300028E95 /* AppDelegate.swift */ = {isa = PBXFileReference; lastKnownFileType = sourcecode.swift; path = AppDelegate.swift; sourceTree = "<group>"; };
		595D3C112C06023300028E95 /* SceneDelegate.swift */ = {isa = PBXFileReference; lastKnownFileType = sourcecode.swift; path = SceneDelegate.swift; sourceTree = "<group>"; };
		595D3C132C06023300028E95 /* ViewController.swift */ = {isa = PBXFileReference; lastKnownFileType = sourcecode.swift; path = ViewController.swift; sourceTree = "<group>"; };
		595D3C162C06023300028E95 /* Base */ = {isa = PBXFileReference; lastKnownFileType = file.storyboard; name = Base; path = Base.lproj/Main.storyboard; sourceTree = "<group>"; };
		595D3C182C06023400028E95 /* Assets.xcassets */ = {isa = PBXFileReference; lastKnownFileType = folder.assetcatalog; path = Assets.xcassets; sourceTree = "<group>"; };
		595D3C1B2C06023400028E95 /* Base */ = {isa = PBXFileReference; lastKnownFileType = file.storyboard; name = Base; path = Base.lproj/LaunchScreen.storyboard; sourceTree = "<group>"; };
		595D3C1D2C06023400028E95 /* Info.plist */ = {isa = PBXFileReference; lastKnownFileType = text.plist.xml; path = Info.plist; sourceTree = "<group>"; };
		595D3C222C06023400028E95 /* iOSAssesmentTests.xctest */ = {isa = PBXFileReference; explicitFileType = wrapper.cfbundle; includeInIndex = 0; path = iOSAssesmentTests.xctest; sourceTree = BUILT_PRODUCTS_DIR; };
		595D3C262C06023400028E95 /* iOSAssesmentTests.swift */ = {isa = PBXFileReference; lastKnownFileType = sourcecode.swift; path = iOSAssesmentTests.swift; sourceTree = "<group>"; };
		595D3C2C2C06023400028E95 /* iOSAssesmentUITests.xctest */ = {isa = PBXFileReference; explicitFileType = wrapper.cfbundle; includeInIndex = 0; path = iOSAssesmentUITests.xctest; sourceTree = BUILT_PRODUCTS_DIR; };
		595D3C302C06023400028E95 /* iOSAssesmentUITests.swift */ = {isa = PBXFileReference; lastKnownFileType = sourcecode.swift; path = iOSAssesmentUITests.swift; sourceTree = "<group>"; };
		595D3C322C06023400028E95 /* iOSAssesmentUITestsLaunchTests.swift */ = {isa = PBXFileReference; lastKnownFileType = sourcecode.swift; path = iOSAssesmentUITestsLaunchTests.swift; sourceTree = "<group>"; };
		595D3C3F2C06025000028E95 /* Post.swift */ = {isa = PBXFileReference; lastKnownFileType = sourcecode.swift; path = Post.swift; sourceTree = "<group>"; };
		595D3C412C06027900028E95 /* NetworkManager.swift */ = {isa = PBXFileReference; lastKnownFileType = sourcecode.swift; path = NetworkManager.swift; sourceTree = "<group>"; };
		595D3C432C0602AC00028E95 /* PostTableViewCell.swift */ = {isa = PBXFileReference; lastKnownFileType = sourcecode.swift; path = PostTableViewCell.swift; sourceTree = "<group>"; };
		595D3C452C0602DC00028E95 /* DetailViewController.swift */ = {isa = PBXFileReference; lastKnownFileType = sourcecode.swift; path = DetailViewController.swift; sourceTree = "<group>"; };
/* End PBXFileReference section */

/* Begin PBXFrameworksBuildPhase section */
		595D3C092C06023300028E95 /* Frameworks */ = {
			isa = PBXFrameworksBuildPhase;
			buildActionMask = 2147483647;
			files = (
			);
			runOnlyForDeploymentPostprocessing = 0;
		};
		595D3C1F2C06023400028E95 /* Frameworks */ = {
			isa = PBXFrameworksBuildPhase;
			buildActionMask = 2147483647;
			files = (
			);
			runOnlyForDeploymentPostprocessing = 0;
		};
		595D3C292C06023400028E95 /* Frameworks */ = {
			isa = PBXFrameworksBuildPhase;
			buildActionMask = 2147483647;
			files = (
			);
			runOnlyForDeploymentPostprocessing = 0;
		};
/* End PBXFrameworksBuildPhase section */

/* Begin PBXGroup section */
		595D3C032C06023300028E95 = {
			isa = PBXGroup;
			children = (
				595D3C0E2C06023300028E95 /* iOSAssesment */,
				595D3C252C06023400028E95 /* iOSAssesmentTests */,
				595D3C2F2C06023400028E95 /* iOSAssesmentUITests */,
				595D3C0D2C06023300028E95 /* Products */,
			);
			sourceTree = "<group>";
		};
		595D3C0D2C06023300028E95 /* Products */ = {
			isa = PBXGroup;
			children = (
				595D3C0C2C06023300028E95 /* iOSAssesment.app */,
				595D3C222C06023400028E95 /* iOSAssesmentTests.xctest */,
				595D3C2C2C06023400028E95 /* iOSAssesmentUITests.xctest */,
			);
			name = Products;
			sourceTree = "<group>";
		};
		595D3C0E2C06023300028E95 /* iOSAssesment */ = {
			isa = PBXGroup;
			children = (
				59A268392C06E9E5002E1C5B /* Views */,
				59A268382C06E9D0002E1C5B /* Model */,
				59A268372C06E9C3002E1C5B /* Main */,
				59A268362C06E9AE002E1C5B /* Controllers */,
				59A268352C06E996002E1C5B /* Helpers */,
				595D3C182C06023400028E95 /* Assets.xcassets */,
				595D3C1A2C06023400028E95 /* LaunchScreen.storyboard */,
				595D3C1D2C06023400028E95 /* Info.plist */,
			);
			path = iOSAssesment;
			sourceTree = "<group>";
		};
		595D3C252C06023400028E95 /* iOSAssesmentTests */ = {
			isa = PBXGroup;
			children = (
				595D3C262C06023400028E95 /* iOSAssesmentTests.swift */,
			);
			path = iOSAssesmentTests;
			sourceTree = "<group>";
		};
		595D3C2F2C06023400028E95 /* iOSAssesmentUITests */ = {
			isa = PBXGroup;
			children = (
				595D3C302C06023400028E95 /* iOSAssesmentUITests.swift */,
				595D3C322C06023400028E95 /* iOSAssesmentUITestsLaunchTests.swift */,
			);
			path = iOSAssesmentUITests;
			sourceTree = "<group>";
		};
		59A268352C06E996002E1C5B /* Helpers */ = {
			isa = PBXGroup;
			children = (
				595D3C412C06027900028E95 /* NetworkManager.swift */,
			);
			path = Helpers;
			sourceTree = "<group>";
		};
		59A268362C06E9AE002E1C5B /* Controllers */ = {
			isa = PBXGroup;
			children = (
				595D3C132C06023300028E95 /* ViewController.swift */,
				595D3C452C0602DC00028E95 /* DetailViewController.swift */,
			);
			path = Controllers;
			sourceTree = "<group>";
		};
		59A268372C06E9C3002E1C5B /* Main */ = {
			isa = PBXGroup;
			children = (
				595D3C0F2C06023300028E95 /* AppDelegate.swift */,
				595D3C112C06023300028E95 /* SceneDelegate.swift */,
			);
			path = Main;
			sourceTree = "<group>";
		};
		59A268382C06E9D0002E1C5B /* Model */ = {
			isa = PBXGroup;
			children = (
				595D3C3F2C06025000028E95 /* Post.swift */,
			);
			path = Model;
			sourceTree = "<group>";
		};
		59A268392C06E9E5002E1C5B /* Views */ = {
			isa = PBXGroup;
			children = (
				595D3C432C0602AC00028E95 /* PostTableViewCell.swift */,
				595D3C152C06023300028E95 /* Main.storyboard */,
			);
			path = Views;
			sourceTree = "<group>";
		};
/* End PBXGroup section */

/* Begin PBXNativeTarget section */
		595D3C0B2C06023300028E95 /* iOSAssesment */ = {
			isa = PBXNativeTarget;
			buildConfigurationList = 595D3C362C06023400028E95 /* Build configuration list for PBXNativeTarget "iOSAssesment" */;
			buildPhases = (
				595D3C082C06023300028E95 /* Sources */,
				595D3C092C06023300028E95 /* Frameworks */,
				595D3C0A2C06023300028E95 /* Resources */,
			);
			buildRules = (
			);
			dependencies = (
			);
			name = iOSAssesment;
			productName = iOSAssesment;
			productReference = 595D3C0C2C06023300028E95 /* iOSAssesment.app */;
			productType = "com.apple.product-type.application";
		};
		595D3C212C06023400028E95 /* iOSAssesmentTests */ = {
			isa = PBXNativeTarget;
			buildConfigurationList = 595D3C392C06023400028E95 /* Build configuration list for PBXNativeTarget "iOSAssesmentTests" */;
			buildPhases = (
				595D3C1E2C06023400028E95 /* Sources */,
				595D3C1F2C06023400028E95 /* Frameworks */,
				595D3C202C06023400028E95 /* Resources */,
			);
			buildRules = (
			);
			dependencies = (
				595D3C242C06023400028E95 /* PBXTargetDependency */,
			);
			name = iOSAssesmentTests;
			productName = iOSAssesmentTests;
			productReference = 595D3C222C06023400028E95 /* iOSAssesmentTests.xctest */;
			productType = "com.apple.product-type.bundle.unit-test";
		};
		595D3C2B2C06023400028E95 /* iOSAssesmentUITests */ = {
			isa = PBXNativeTarget;
			buildConfigurationList = 595D3C3C2C06023400028E95 /* Build configuration list for PBXNativeTarget "iOSAssesmentUITests" */;
			buildPhases = (
				595D3C282C06023400028E95 /* Sources */,
				595D3C292C06023400028E95 /* Frameworks */,
				595D3C2A2C06023400028E95 /* Resources */,
			);
			buildRules = (
			);
			dependencies = (
				595D3C2E2C06023400028E95 /* PBXTargetDependency */,
			);
			name = iOSAssesmentUITests;
			productName = iOSAssesmentUITests;
			productReference = 595D3C2C2C06023400028E95 /* iOSAssesmentUITests.xctest */;
			productType = "com.apple.product-type.bundle.ui-testing";
		};
/* End PBXNativeTarget section */

/* Begin PBXProject section */
		595D3C042C06023300028E95 /* Project object */ = {
			isa = PBXProject;
			attributes = {
				BuildIndependentTargetsInParallel = 1;
				LastSwiftUpdateCheck = 1500;
				LastUpgradeCheck = 1500;
				TargetAttributes = {
					595D3C0B2C06023300028E95 = {
						CreatedOnToolsVersion = 15.0.1;
					};
					595D3C212C06023400028E95 = {
						CreatedOnToolsVersion = 15.0.1;
						TestTargetID = 595D3C0B2C06023300028E95;
					};
					595D3C2B2C06023400028E95 = {
						CreatedOnToolsVersion = 15.0.1;
						TestTargetID = 595D3C0B2C06023300028E95;
					};
				};
			};
			buildConfigurationList = 595D3C072C06023300028E95 /* Build configuration list for PBXProject "iOSAssesment" */;
			compatibilityVersion = "Xcode 14.0";
			developmentRegion = en;
			hasScannedForEncodings = 0;
			knownRegions = (
				en,
				Base,
			);
			mainGroup = 595D3C032C06023300028E95;
			productRefGroup = 595D3C0D2C06023300028E95 /* Products */;
			projectDirPath = "";
			projectRoot = "";
			targets = (
				595D3C0B2C06023300028E95 /* iOSAssesment */,
				595D3C212C06023400028E95 /* iOSAssesmentTests */,
				595D3C2B2C06023400028E95 /* iOSAssesmentUITests */,
			);
		};
/* End PBXProject section */

/* Begin PBXResourcesBuildPhase section */
		595D3C0A2C06023300028E95 /* Resources */ = {
			isa = PBXResourcesBuildPhase;
			buildActionMask = 2147483647;
			files = (
				595D3C1C2C06023400028E95 /* LaunchScreen.storyboard in Resources */,
				595D3C192C06023400028E95 /* Assets.xcassets in Resources */,
				595D3C172C06023300028E95 /* Main.storyboard in Resources */,
			);
			runOnlyForDeploymentPostprocessing = 0;
		};
		595D3C202C06023400028E95 /* Resources */ = {
			isa = PBXResourcesBuildPhase;
			buildActionMask = 2147483647;
			files = (
			);
			runOnlyForDeploymentPostprocessing = 0;
		};
		595D3C2A2C06023400028E95 /* Resources */ = {
			isa = PBXResourcesBuildPhase;
			buildActionMask = 2147483647;
			files = (
			);
			runOnlyForDeploymentPostprocessing = 0;
		};
/* End PBXResourcesBuildPhase section */

/* Begin PBXSourcesBuildPhase section */
		595D3C082C06023300028E95 /* Sources */ = {
			isa = PBXSourcesBuildPhase;
			buildActionMask = 2147483647;
			files = (
				595D3C142C06023300028E95 /* ViewController.swift in Sources */,
				595D3C102C06023300028E95 /* AppDelegate.swift in Sources */,
				595D3C422C06027900028E95 /* NetworkManager.swift in Sources */,
				595D3C122C06023300028E95 /* SceneDelegate.swift in Sources */,
				595D3C402C06025000028E95 /* Post.swift in Sources */,
				595D3C442C0602AC00028E95 /* PostTableViewCell.swift in Sources */,
				595D3C462C0602DC00028E95 /* DetailViewController.swift in Sources */,
			);
			runOnlyForDeploymentPostprocessing = 0;
		};
		595D3C1E2C06023400028E95 /* Sources */ = {
			isa = PBXSourcesBuildPhase;
			buildActionMask = 2147483647;
			files = (
				595D3C272C06023400028E95 /* iOSAssesmentTests.swift in Sources */,
			);
			runOnlyForDeploymentPostprocessing = 0;
		};
		595D3C282C06023400028E95 /* Sources */ = {
			isa = PBXSourcesBuildPhase;
			buildActionMask = 2147483647;
			files = (
				595D3C332C06023400028E95 /* iOSAssesmentUITestsLaunchTests.swift in Sources */,
				595D3C312C06023400028E95 /* iOSAssesmentUITests.swift in Sources */,
			);
			runOnlyForDeploymentPostprocessing = 0;
		};
/* End PBXSourcesBuildPhase section */

/* Begin PBXTargetDependency section */
		595D3C242C06023400028E95 /* PBXTargetDependency */ = {
			isa = PBXTargetDependency;
			target = 595D3C0B2C06023300028E95 /* iOSAssesment */;
			targetProxy = 595D3C232C06023400028E95 /* PBXContainerItemProxy */;
		};
		595D3C2E2C06023400028E95 /* PBXTargetDependency */ = {
			isa = PBXTargetDependency;
			target = 595D3C0B2C06023300028E95 /* iOSAssesment */;
			targetProxy = 595D3C2D2C06023400028E95 /* PBXContainerItemProxy */;
		};
/* End PBXTargetDependency section */

/* Begin PBXVariantGroup section */
		595D3C152C06023300028E95 /* Main.storyboard */ = {
			isa = PBXVariantGroup;
			children = (
				595D3C162C06023300028E95 /* Base */,
			);
			name = Main.storyboard;
			sourceTree = "<group>";
		};
		595D3C1A2C06023400028E95 /* LaunchScreen.storyboard */ = {
			isa = PBXVariantGroup;
			children = (
				595D3C1B2C06023400028E95 /* Base */,
			);
			name = LaunchScreen.storyboard;
			sourceTree = "<group>";
		};
/* End PBXVariantGroup section */

/* Begin XCBuildConfiguration section */
		595D3C342C06023400028E95 /* Debug */ = {
			isa = XCBuildConfiguration;
			buildSettings = {
				ALWAYS_SEARCH_USER_PATHS = NO;
				ASSETCATALOG_COMPILER_GENERATE_SWIFT_ASSET_SYMBOL_EXTENSIONS = YES;
				CLANG_ANALYZER_NONNULL = YES;
				CLANG_ANALYZER_NUMBER_OBJECT_CONVERSION = YES_AGGRESSIVE;
				CLANG_CXX_LANGUAGE_STANDARD = "gnu++20";
				CLANG_ENABLE_MODULES = YES;
				CLANG_ENABLE_OBJC_ARC = YES;
				CLANG_ENABLE_OBJC_WEAK = YES;
				CLANG_WARN_BLOCK_CAPTURE_AUTORELEASING = YES;
				CLANG_WARN_BOOL_CONVERSION = YES;
				CLANG_WARN_COMMA = YES;
				CLANG_WARN_CONSTANT_CONVERSION = YES;
				CLANG_WARN_DEPRECATED_OBJC_IMPLEMENTATIONS = YES;
				CLANG_WARN_DIRECT_OBJC_ISA_USAGE = YES_ERROR;
				CLANG_WARN_DOCUMENTATION_COMMENTS = YES;
				CLANG_WARN_EMPTY_BODY = YES;
				CLANG_WARN_ENUM_CONVERSION = YES;
				CLANG_WARN_INFINITE_RECURSION = YES;
				CLANG_WARN_INT_CONVERSION = YES;
				CLANG_WARN_NON_LITERAL_NULL_CONVERSION = YES;
				CLANG_WARN_OBJC_IMPLICIT_RETAIN_SELF = YES;
				CLANG_WARN_OBJC_LITERAL_CONVERSION = YES;
				CLANG_WARN_OBJC_ROOT_CLASS = YES_ERROR;
				CLANG_WARN_QUOTED_INCLUDE_IN_FRAMEWORK_HEADER = YES;
				CLANG_WARN_RANGE_LOOP_ANALYSIS = YES;
				CLANG_WARN_STRICT_PROTOTYPES = YES;
				CLANG_WARN_SUSPICIOUS_MOVE = YES;
				CLANG_WARN_UNGUARDED_AVAILABILITY = YES_AGGRESSIVE;
				CLANG_WARN_UNREACHABLE_CODE = YES;
				CLANG_WARN__DUPLICATE_METHOD_MATCH = YES;
				COPY_PHASE_STRIP = NO;
				DEBUG_INFORMATION_FORMAT = dwarf;
				ENABLE_STRICT_OBJC_MSGSEND = YES;
				ENABLE_TESTABILITY = YES;
				ENABLE_USER_SCRIPT_SANDBOXING = YES;
				GCC_C_LANGUAGE_STANDARD = gnu17;
				GCC_DYNAMIC_NO_PIC = NO;
				GCC_NO_COMMON_BLOCKS = YES;
				GCC_OPTIMIZATION_LEVEL = 0;
				GCC_PREPROCESSOR_DEFINITIONS = (
					"DEBUG=1",
					"$(inherited)",
				);
				GCC_WARN_64_TO_32_BIT_CONVERSION = YES;
				GCC_WARN_ABOUT_RETURN_TYPE = YES_ERROR;
				GCC_WARN_UNDECLARED_SELECTOR = YES;
				GCC_WARN_UNINITIALIZED_AUTOS = YES_AGGRESSIVE;
				GCC_WARN_UNUSED_FUNCTION = YES;
				GCC_WARN_UNUSED_VARIABLE = YES;
				IPHONEOS_DEPLOYMENT_TARGET = 17.0;
				LOCALIZATION_PREFERS_STRING_CATALOGS = YES;
				MTL_ENABLE_DEBUG_INFO = INCLUDE_SOURCE;
				MTL_FAST_MATH = YES;
				ONLY_ACTIVE_ARCH = YES;
				SDKROOT = iphoneos;
				SWIFT_ACTIVE_COMPILATION_CONDITIONS = "DEBUG $(inherited)";
				SWIFT_OPTIMIZATION_LEVEL = "-Onone";
			};
			name = Debug;
		};
		595D3C352C06023400028E95 /* Release */ = {
			isa = XCBuildConfiguration;
			buildSettings = {
				ALWAYS_SEARCH_USER_PATHS = NO;
				ASSETCATALOG_COMPILER_GENERATE_SWIFT_ASSET_SYMBOL_EXTENSIONS = YES;
				CLANG_ANALYZER_NONNULL = YES;
				CLANG_ANALYZER_NUMBER_OBJECT_CONVERSION = YES_AGGRESSIVE;
				CLANG_CXX_LANGUAGE_STANDARD = "gnu++20";
				CLANG_ENABLE_MODULES = YES;
				CLANG_ENABLE_OBJC_ARC = YES;
				CLANG_ENABLE_OBJC_WEAK = YES;
				CLANG_WARN_BLOCK_CAPTURE_AUTORELEASING = YES;
				CLANG_WARN_BOOL_CONVERSION = YES;
				CLANG_WARN_COMMA = YES;
				CLANG_WARN_CONSTANT_CONVERSION = YES;
				CLANG_WARN_DEPRECATED_OBJC_IMPLEMENTATIONS = YES;
				CLANG_WARN_DIRECT_OBJC_ISA_USAGE = YES_ERROR;
				CLANG_WARN_DOCUMENTATION_COMMENTS = YES;
				CLANG_WARN_EMPTY_BODY = YES;
				CLANG_WARN_ENUM_CONVERSION = YES;
				CLANG_WARN_INFINITE_RECURSION = YES;
				CLANG_WARN_INT_CONVERSION = YES;
				CLANG_WARN_NON_LITERAL_NULL_CONVERSION = YES;
				CLANG_WARN_OBJC_IMPLICIT_RETAIN_SELF = YES;
				CLANG_WARN_OBJC_LITERAL_CONVERSION = YES;
				CLANG_WARN_OBJC_ROOT_CLASS = YES_ERROR;
				CLANG_WARN_QUOTED_INCLUDE_IN_FRAMEWORK_HEADER = YES;
				CLANG_WARN_RANGE_LOOP_ANALYSIS = YES;
				CLANG_WARN_STRICT_PROTOTYPES = YES;
				CLANG_WARN_SUSPICIOUS_MOVE = YES;
				CLANG_WARN_UNGUARDED_AVAILABILITY = YES_AGGRESSIVE;
				CLANG_WARN_UNREACHABLE_CODE = YES;
				CLANG_WARN__DUPLICATE_METHOD_MATCH = YES;
				COPY_PHASE_STRIP = NO;
				DEBUG_INFORMATION_FORMAT = "dwarf-with-dsym";
				ENABLE_NS_ASSERTIONS = NO;
				ENABLE_STRICT_OBJC_MSGSEND = YES;
				ENABLE_USER_SCRIPT_SANDBOXING = YES;
				GCC_C_LANGUAGE_STANDARD = gnu17;
				GCC_NO_COMMON_BLOCKS = YES;
				GCC_WARN_64_TO_32_BIT_CONVERSION = YES;
				GCC_WARN_ABOUT_RETURN_TYPE = YES_ERROR;
				GCC_WARN_UNDECLARED_SELECTOR = YES;
				GCC_WARN_UNINITIALIZED_AUTOS = YES_AGGRESSIVE;
				GCC_WARN_UNUSED_FUNCTION = YES;
				GCC_WARN_UNUSED_VARIABLE = YES;
				IPHONEOS_DEPLOYMENT_TARGET = 17.0;
				LOCALIZATION_PREFERS_STRING_CATALOGS = YES;
				MTL_ENABLE_DEBUG_INFO = NO;
				MTL_FAST_MATH = YES;
				SDKROOT = iphoneos;
				SWIFT_COMPILATION_MODE = wholemodule;
				VALIDATE_PRODUCT = YES;
			};
			name = Release;
		};
		595D3C372C06023400028E95 /* Debug */ = {
			isa = XCBuildConfiguration;
			buildSettings = {
				ASSETCATALOG_COMPILER_APPICON_NAME = AppIcon;
				ASSETCATALOG_COMPILER_GLOBAL_ACCENT_COLOR_NAME = AccentColor;
				CODE_SIGN_STYLE = Automatic;
				CURRENT_PROJECT_VERSION = 1;
				GENERATE_INFOPLIST_FILE = YES;
				INFOPLIST_FILE = iOSAssesment/Info.plist;
				INFOPLIST_KEY_UIApplicationSupportsIndirectInputEvents = YES;
				INFOPLIST_KEY_UILaunchStoryboardName = LaunchScreen;
				INFOPLIST_KEY_UIMainStoryboardFile = Main;
				INFOPLIST_KEY_UISupportedInterfaceOrientations_iPad = "UIInterfaceOrientationPortrait UIInterfaceOrientationPortraitUpsideDown UIInterfaceOrientationLandscapeLeft UIInterfaceOrientationLandscapeRight";
				INFOPLIST_KEY_UISupportedInterfaceOrientations_iPhone = "UIInterfaceOrientationPortrait UIInterfaceOrientationLandscapeLeft UIInterfaceOrientationLandscapeRight";
				LD_RUNPATH_SEARCH_PATHS = (
					"$(inherited)",
					"@executable_path/Frameworks",
				);
				MARKETING_VERSION = 1.0;
				PRODUCT_BUNDLE_IDENTIFIER = com.vajro.iOSAssesment;
				PRODUCT_NAME = "$(TARGET_NAME)";
				SWIFT_EMIT_LOC_STRINGS = YES;
				SWIFT_VERSION = 5.0;
				TARGETED_DEVICE_FAMILY = "1,2";
			};
			name = Debug;
		};
		595D3C382C06023400028E95 /* Release */ = {
			isa = XCBuildConfiguration;
			buildSettings = {
				ASSETCATALOG_COMPILER_APPICON_NAME = AppIcon;
				ASSETCATALOG_COMPILER_GLOBAL_ACCENT_COLOR_NAME = AccentColor;
				CODE_SIGN_STYLE = Automatic;
				CURRENT_PROJECT_VERSION = 1;
				GENERATE_INFOPLIST_FILE = YES;
				INFOPLIST_FILE = iOSAssesment/Info.plist;
				INFOPLIST_KEY_UIApplicationSupportsIndirectInputEvents = YES;
				INFOPLIST_KEY_UILaunchStoryboardName = LaunchScreen;
				INFOPLIST_KEY_UIMainStoryboardFile = Main;
				INFOPLIST_KEY_UISupportedInterfaceOrientations_iPad = "UIInterfaceOrientationPortrait UIInterfaceOrientationPortraitUpsideDown UIInterfaceOrientationLandscapeLeft UIInterfaceOrientationLandscapeRight";
				INFOPLIST_KEY_UISupportedInterfaceOrientations_iPhone = "UIInterfaceOrientationPortrait UIInterfaceOrientationLandscapeLeft UIInterfaceOrientationLandscapeRight";
				LD_RUNPATH_SEARCH_PATHS = (
					"$(inherited)",
					"@executable_path/Frameworks",
				);
				MARKETING_VERSION = 1.0;
				PRODUCT_BUNDLE_IDENTIFIER = com.vajro.iOSAssesment;
				PRODUCT_NAME = "$(TARGET_NAME)";
				SWIFT_EMIT_LOC_STRINGS = YES;
				SWIFT_VERSION = 5.0;
				TARGETED_DEVICE_FAMILY = "1,2";
			};
			name = Release;
		};
		595D3C3A2C06023400028E95 /* Debug */ = {
			isa = XCBuildConfiguration;
			buildSettings = {
				ALWAYS_EMBED_SWIFT_STANDARD_LIBRARIES = YES;
				BUNDLE_LOADER = "$(TEST_HOST)";
				CODE_SIGN_STYLE = Automatic;
				CURRENT_PROJECT_VERSION = 1;
				GENERATE_INFOPLIST_FILE = YES;
				IPHONEOS_DEPLOYMENT_TARGET = 17.0;
				MARKETING_VERSION = 1.0;
				PRODUCT_BUNDLE_IDENTIFIER = com.vajro.iOSAssesmentTests;
				PRODUCT_NAME = "$(TARGET_NAME)";
				SWIFT_EMIT_LOC_STRINGS = NO;
				SWIFT_VERSION = 5.0;
				TARGETED_DEVICE_FAMILY = "1,2";
				TEST_HOST = "$(BUILT_PRODUCTS_DIR)/iOSAssesment.app/$(BUNDLE_EXECUTABLE_FOLDER_PATH)/iOSAssesment";
			};
			name = Debug;
		};
		595D3C3B2C06023400028E95 /* Release */ = {
			isa = XCBuildConfiguration;
			buildSettings = {
				ALWAYS_EMBED_SWIFT_STANDARD_LIBRARIES = YES;
				BUNDLE_LOADER = "$(TEST_HOST)";
				CODE_SIGN_STYLE = Automatic;
				CURRENT_PROJECT_VERSION = 1;
				GENERATE_INFOPLIST_FILE = YES;
				IPHONEOS_DEPLOYMENT_TARGET = 17.0;
				MARKETING_VERSION = 1.0;
				PRODUCT_BUNDLE_IDENTIFIER = com.vajro.iOSAssesmentTests;
				PRODUCT_NAME = "$(TARGET_NAME)";
				SWIFT_EMIT_LOC_STRINGS = NO;
				SWIFT_VERSION = 5.0;
				TARGETED_DEVICE_FAMILY = "1,2";
				TEST_HOST = "$(BUILT_PRODUCTS_DIR)/iOSAssesment.app/$(BUNDLE_EXECUTABLE_FOLDER_PATH)/iOSAssesment";
			};
			name = Release;
		};
		595D3C3D2C06023400028E95 /* Debug */ = {
			isa = XCBuildConfiguration;
			buildSettings = {
				ALWAYS_EMBED_SWIFT_STANDARD_LIBRARIES = YES;
				CODE_SIGN_STYLE = Automatic;
				CURRENT_PROJECT_VERSION = 1;
				GENERATE_INFOPLIST_FILE = YES;
				MARKETING_VERSION = 1.0;
				PRODUCT_BUNDLE_IDENTIFIER = com.vajro.iOSAssesmentUITests;
				PRODUCT_NAME = "$(TARGET_NAME)";
				SWIFT_EMIT_LOC_STRINGS = NO;
				SWIFT_VERSION = 5.0;
				TARGETED_DEVICE_FAMILY = "1,2";
				TEST_TARGET_NAME = iOSAssesment;
			};
			name = Debug;
		};
		595D3C3E2C06023400028E95 /* Release */ = {
			isa = XCBuildConfiguration;
			buildSettings = {
				ALWAYS_EMBED_SWIFT_STANDARD_LIBRARIES = YES;
				CODE_SIGN_STYLE = Automatic;
				CURRENT_PROJECT_VERSION = 1;
				GENERATE_INFOPLIST_FILE = YES;
				MARKETING_VERSION = 1.0;
				PRODUCT_BUNDLE_IDENTIFIER = com.vajro.iOSAssesmentUITests;
				PRODUCT_NAME = "$(TARGET_NAME)";
				SWIFT_EMIT_LOC_STRINGS = NO;
				SWIFT_VERSION = 5.0;
				TARGETED_DEVICE_FAMILY = "1,2";
				TEST_TARGET_NAME = iOSAssesment;
			};
			name = Release;
		};
/* End XCBuildConfiguration section */

/* Begin XCConfigurationList section */
		595D3C072C06023300028E95 /* Build configuration list for PBXProject "iOSAssesment" */ = {
			isa = XCConfigurationList;
			buildConfigurations = (
				595D3C342C06023400028E95 /* Debug */,
				595D3C352C06023400028E95 /* Release */,
			);
			defaultConfigurationIsVisible = 0;
			defaultConfigurationName = Release;
		};
		595D3C362C06023400028E95 /* Build configuration list for PBXNativeTarget "iOSAssesment" */ = {
			isa = XCConfigurationList;
			buildConfigurations = (
				595D3C372C06023400028E95 /* Debug */,
				595D3C382C06023400028E95 /* Release */,
			);
			defaultConfigurationIsVisible = 0;
			defaultConfigurationName = Release;
		};
		595D3C392C06023400028E95 /* Build configuration list for PBXNativeTarget "iOSAssesmentTests" */ = {
			isa = XCConfigurationList;
			buildConfigurations = (
				595D3C3A2C06023400028E95 /* Debug */,
				595D3C3B2C06023400028E95 /* Release */,
			);
			defaultConfigurationIsVisible = 0;
			defaultConfigurationName = Release;
		};
		595D3C3C2C06023400028E95 /* Build configuration list for PBXNativeTarget "iOSAssesmentUITests" */ = {
			isa = XCConfigurationList;
			buildConfigurations = (
				595D3C3D2C06023400028E95 /* Debug */,
				595D3C3E2C06023400028E95 /* Release */,
			);
			defaultConfigurationIsVisible = 0;
			defaultConfigurationName = Release;
		};
/* End XCConfigurationList section */
	};
	rootObject = 595D3C042C06023300028E95 /* Project object */;
}
